// !$*UTF8*$!
{
	archiveVersion = 1;
	classes = {
	};
	objectVersion = 77;
	objects = {

/* Begin PBXBuildFile section */
		0503ACDE3BA999D90708B38E /* JourneyFeature.swift in Sources */ = {isa = PBXBuildFile; fileRef = E7C6B855F38B58AB880BE1C3 /* JourneyFeature.swift */; };
		05189B8DE3EF857AAF541A84 /* ChildPickerFeatureTests.swift in Sources */ = {isa = PBXBuildFile; fileRef = 5728C93C033D330255841114 /* ChildPickerFeatureTests.swift */; };
		0DA201E9AC11EA090BF5437C /* LevelPreviewView.swift in Sources */ = {isa = PBXBuildFile; fileRef = E483DAE34FFBF1C04981A12F /* LevelPreviewView.swift */; };
		101F13FA4EE32347D7C073FB /* CurriculumClient.swift in Sources */ = {isa = PBXBuildFile; fileRef = EAEAD98C88CD4C3A002998EC /* CurriculumClient.swift */; };
		12031160A16F8AD8E2BE5F66 /* GoogleSignInSwift in Frameworks */ = {isa = PBXBuildFile; productRef = F6CA3BF697F821F1AB9C9C58 /* GoogleSignInSwift */; };
		12C8A9F9FCA8DDA339727788 /* FirebaseFirestore in Frameworks */ = {isa = PBXBuildFile; productRef = 4BC5F9799680AE7981887D14 /* FirebaseFirestore */; };
		153BB9AEC862C770399118BB /* PaywallFeature.swift in Sources */ = {isa = PBXBuildFile; fileRef = 6006BC1D49290D3010D60799 /* PaywallFeature.swift */; };
		178AF21A9D44FB8B17A4B5CB /* SnapCubesView.swift in Sources */ = {isa = PBXBuildFile; fileRef = A11212CC390C798F6623E0AC /* SnapCubesView.swift */; };
		1857869860160586757CF86B /* AudioClient.swift in Sources */ = {isa = PBXBuildFile; fileRef = F78598283E84A8525888BED2 /* AudioClient.swift */; };
		1A3617F1257647986321D89F /* PaywallView.swift in Sources */ = {isa = PBXBuildFile; fileRef = 212AB81B43DEB9B917F4F091 /* PaywallView.swift */; };
		1FBC9A7C13C258F086B0EF31 /* FirestoreDTOs.swift in Sources */ = {isa = PBXBuildFile; fileRef = F2D218F7A142A1FCCF272ACA /* FirestoreDTOs.swift */; };
		2005A4F860104AC631C7D6B5 /* OnboardingFeatureTests.swift in Sources */ = {isa = PBXBuildFile; fileRef = 40FBFBB76FC17207D15F15CA /* OnboardingFeatureTests.swift */; };
		2111A06EB5F2C147BFDAF8CF /* MathFeatureTests.swift in Sources */ = {isa = PBXBuildFile; fileRef = B1435D1A0416E422C472227A /* MathFeatureTests.swift */; };
		21F4E022A547E32B613D93D5 /* AuthView.swift in Sources */ = {isa = PBXBuildFile; fileRef = DACCD9AE6FF55C034C8DECB4 /* AuthView.swift */; };
		2C591572EC20F9C6A5CFBEEB /* LiteracyView.swift in Sources */ = {isa = PBXBuildFile; fileRef = 016321022F483F8A84357FD2 /* LiteracyView.swift */; };
		2DE2FD1A139C03BD81BDE1FD /* NonceGenerator.swift in Sources */ = {isa = PBXBuildFile; fileRef = D898FAE7F78F64FDA29D0BA1 /* NonceGenerator.swift */; };
		2EA4E8A5F01360C64864E568 /* RootFeature.swift in Sources */ = {isa = PBXBuildFile; fileRef = 1517E63F9D4532DD4D131426 /* RootFeature.swift */; };
		3CE9C708E7758EC18CF9233D /* FirebaseAuth in Frameworks */ = {isa = PBXBuildFile; productRef = F4AC7945CBFE12845799735E /* FirebaseAuth */; };
		410C56A037A7A120CD9BDDA8 /* Theme.swift in Sources */ = {isa = PBXBuildFile; fileRef = 6054114615EB7B0D510461CC /* Theme.swift */; };
		426A50F8F2C772DE837F739C /* StoreKitClient.swift in Sources */ = {isa = PBXBuildFile; fileRef = 857FFBDD078E2E25D5349F46 /* StoreKitClient.swift */; };
		4384B612564CAD35A4B7DBF2 /* CrashlyticsClientTests.swift in Sources */ = {isa = PBXBuildFile; fileRef = 47D0563AEC4458FFB7D1226C /* CrashlyticsClientTests.swift */; };
		4567834D4682137C4B24E9BF /* MathFeature.swift in Sources */ = {isa = PBXBuildFile; fileRef = 3B01DC43CB2605246AB27E97 /* MathFeature.swift */; };
		45FF0EC1B4D3EA1AB30588B9 /* SpeechClient.swift in Sources */ = {isa = PBXBuildFile; fileRef = 30A114507FB80443206E2FF3 /* SpeechClient.swift */; };
		4756E6395B1CEEB7F993B4A3 /* SettingsFeature.swift in Sources */ = {isa = PBXBuildFile; fileRef = 9BF3017509B04E421ACA1BE3 /* SettingsFeature.swift */; };
		48EF7B6468992C830F493727 /* RootFeatureTests.swift in Sources */ = {isa = PBXBuildFile; fileRef = A4AB0D13DA6E1B8754315ACE /* RootFeatureTests.swift */; };
		4C885A7BE8C2D00E06790601 /* OnboardingView.swift in Sources */ = {isa = PBXBuildFile; fileRef = E071B1F27BDFAF913966D2FC /* OnboardingView.swift */; };
		4D29F8E3818602C22BA9BFE2 /* FirebaseCrashlytics in Frameworks */ = {isa = PBXBuildFile; productRef = BEC3163C9C69D58D628D0099 /* FirebaseCrashlytics */; };
		532AFBC2CFE3B129529E3159 /* SettingsFeatureTests.swift in Sources */ = {isa = PBXBuildFile; fileRef = ABBE088AD950DF33A34F8479 /* SettingsFeatureTests.swift */; };
		58C4173190B19C09CF127084 /* MissionCompleteView.swift in Sources */ = {isa = PBXBuildFile; fileRef = 3A9156D7940AD4543C691BD0 /* MissionCompleteView.swift */; };
		5DB7F1ECA737D5B4EEE2EEFB /* SwiftData.framework in Frameworks */ = {isa = PBXBuildFile; fileRef = AD8190FA86DDDC439DA16B4D /* SwiftData.framework */; };
		5ECB8FCF4C706BA59628BF7D /* CoreHaptics.framework in Frameworks */ = {isa = PBXBuildFile; fileRef = 63AB19E977899BBFB9AAC6E4 /* CoreHaptics.framework */; };
		60A3DCA0F13A744C209E1352 /* CrashlyticsClient.swift in Sources */ = {isa = PBXBuildFile; fileRef = 5165EAA0900352598EDE3917 /* CrashlyticsClient.swift */; };
		61454E6BDD96128B963845B2 /* Models.swift in Sources */ = {isa = PBXBuildFile; fileRef = EB2AE62A9C3D3C67EE392272 /* Models.swift */; };
		62B6761B9CB740DEB4290741 /* ChildPickerFeature.swift in Sources */ = {isa = PBXBuildFile; fileRef = AFD77BCBEF06ED20A82FA3BF /* ChildPickerFeature.swift */; };
		6E52338CE0FEDDC7C010EA76 /* NonceGeneratorTests.swift in Sources */ = {isa = PBXBuildFile; fileRef = 181A759E2FB582C8F42AE420 /* NonceGeneratorTests.swift */; };
		72F764B1996C801150BA5AEE /* TestHelpers.swift in Sources */ = {isa = PBXBuildFile; fileRef = 64CF1CA3F022055AABBF9F83 /* TestHelpers.swift */; };
		76E80E8543E9ECD614AD353F /* CasePaths in Frameworks */ = {isa = PBXBuildFile; productRef = 8E2232830F7CAA550E33F587 /* CasePaths */; };
		783F0FB7DFDE6C7F0798F9C3 /* LiteracyFeatureTests.swift in Sources */ = {isa = PBXBuildFile; fileRef = 34E6E5BC83C0A3DCC3F8EF7C /* LiteracyFeatureTests.swift */; };
		787F8F4482F6C5040FF57B05 /* JourneyFeatureTests.swift in Sources */ = {isa = PBXBuildFile; fileRef = D612A09A3A7AD9BD212BFC7B /* JourneyFeatureTests.swift */; };
		7A0AE192A325D186339022E9 /* SafeSpaceView.swift in Sources */ = {isa = PBXBuildFile; fileRef = C6A53B3292024EDC9F29F2C0 /* SafeSpaceView.swift */; };
		7A8191C61E0FA88265930FF1 /* AuthFeatureTests.swift in Sources */ = {isa = PBXBuildFile; fileRef = 2E279D8FA47A579701428C26 /* AuthFeatureTests.swift */; };
		7EDD844C0A9FDAD15A3E36B8 /* LiteracyFeature.swift in Sources */ = {isa = PBXBuildFile; fileRef = ACAF25BA0BFB1D42FF99C1BD /* LiteracyFeature.swift */; };
		7F8B8E67FDECD62D73F20D9B /* SnapCubesScene.swift in Sources */ = {isa = PBXBuildFile; fileRef = DDC9F611AB7CA4368F7879B7 /* SnapCubesScene.swift */; };
		8533D5960B130424A9186127 /* LetterTracerTests.swift in Sources */ = {isa = PBXBuildFile; fileRef = C9B9EEBD9F2CD7359D8DDCD5 /* LetterTracerTests.swift */; };
		967169F579F36235BAB08C7B /* ChildPickerView.swift in Sources */ = {isa = PBXBuildFile; fileRef = 821662BF1616C134F4CCC91B /* ChildPickerView.swift */; };
		9AD039F2E8A65D9BA5824D82 /* FirestoreClient.swift in Sources */ = {isa = PBXBuildFile; fileRef = 79E23C481F426A438D087246 /* FirestoreClient.swift */; };
		9D0C10F4A582320BF1A24A6A /* Dependencies in Frameworks */ = {isa = PBXBuildFile; productRef = 73A92966C697D4CBBA79112E /* Dependencies */; };
		A406CE4FF5CF00986424E86B /* GoogleService-Info.plist in Resources */ = {isa = PBXBuildFile; fileRef = C841D049B51F4E70EBD40D83 /* GoogleService-Info.plist */; };
		A60A2E72C1BC9CFCCE3DD900 /* Dependencies in Frameworks */ = {isa = PBXBuildFile; productRef = F7C8CFD9D8A86CB81D44BF08 /* Dependencies */; };
		A85CB7F690591771715C7E41 /* SettingsView.swift in Sources */ = {isa = PBXBuildFile; fileRef = C2E0239E1DD3F4F6DDF666AE /* SettingsView.swift */; };
		AB7CDDE6432FADE3F40C3E33 /* ComposableArchitecture in Frameworks */ = {isa = PBXBuildFile; productRef = 9154B7AD17BEED700059C812 /* ComposableArchitecture */; };
		B2F0CEC3431CB4F28971808B /* AuthFeature.swift in Sources */ = {isa = PBXBuildFile; fileRef = A4A25C57F4EB51614EC2A6B4 /* AuthFeature.swift */; };
		B3C967352E075141A8700A62 /* MathView.swift in Sources */ = {isa = PBXBuildFile; fileRef = 8AEA2FF64C50E4A19F70B34E /* MathView.swift */; };
		BD8557FC81324535BFA99E81 /* OnboardingFeature.swift in Sources */ = {isa = PBXBuildFile; fileRef = B309FFB8FF9C45E6E27FF359 /* OnboardingFeature.swift */; };
		C341E46F1998B13A35471CD0 /* SafeSpaceFeature.swift in Sources */ = {isa = PBXBuildFile; fileRef = CF9D2734ECEE31FC77C549D8 /* SafeSpaceFeature.swift */; };
		C4F3A72A7740EA990A51C5BF /* ComposableArchitecture in Frameworks */ = {isa = PBXBuildFile; productRef = 582C7ABEF95C41320D9BB225 /* ComposableArchitecture */; };
		C74597AEA07DCAF43141C090 /* LetterTracer.swift in Sources */ = {isa = PBXBuildFile; fileRef = 22E9C1754652EA74DC454588 /* LetterTracer.swift */; };
		CCDEB50E1A2F277B4FCD2F37 /* JourneyView.swift in Sources */ = {isa = PBXBuildFile; fileRef = 0951E0242990B2EBBF92BACD /* JourneyView.swift */; };
		CD07EF777A086189ED9E35C2 /* AuthClient.swift in Sources */ = {isa = PBXBuildFile; fileRef = 6F11D2F142FCE7303149D411 /* AuthClient.swift */; };
		DC08E5B51199475F82170487 /* Assets.xcassets in Resources */ = {isa = PBXBuildFile; fileRef = 7B6EB7E24CB242E803113D13 /* Assets.xcassets */; };
		DDD614E1375A2AA913D8E02D /* IEPAndThriveApp.swift in Sources */ = {isa = PBXBuildFile; fileRef = E5DFFD46B290A9E69C9F18A1 /* IEPAndThriveApp.swift */; };
		E6499A4EB042649D11AFDBBA /* SandTrayView.swift in Sources */ = {isa = PBXBuildFile; fileRef = 5162DE32F9146FE4E65EBF05 /* SandTrayView.swift */; };
		F0B3F685FB1751714EBC0DEA /* SpriteKit.framework in Frameworks */ = {isa = PBXBuildFile; fileRef = C3A88B65FA36D1F3723BBBFF /* SpriteKit.framework */; };
		FD5475CC0AB938B7A86FE2B4 /* DatabaseClient.swift in Sources */ = {isa = PBXBuildFile; fileRef = A238A77DC8A262815D31267D /* DatabaseClient.swift */; };
		FEDA58352BAA64671739B3E2 /* CasePaths in Frameworks */ = {isa = PBXBuildFile; productRef = 7BFC4D536F220EBF40C25A6D /* CasePaths */; };
		FF2E48B7EE714799CBA6E84D /* GoogleSignIn in Frameworks */ = {isa = PBXBuildFile; productRef = 54E608EC1A66C497CBEE68C6 /* GoogleSignIn */; };
/* End PBXBuildFile section */

/* Begin PBXContainerItemProxy section */
		51E39CE69AE0FA61A0F7A30A /* PBXContainerItemProxy */ = {
			isa = PBXContainerItemProxy;
			containerPortal = 7B6ED97248EA0D5D4B12A0B0 /* Project object */;
			proxyType = 1;
			remoteGlobalIDString = 23CE1EAB84F00B158883DED2;
			remoteInfo = IEPAndThrive;
		};
/* End PBXContainerItemProxy section */

/* Begin PBXFileReference section */
		016321022F483F8A84357FD2 /* LiteracyView.swift */ = {isa = PBXFileReference; lastKnownFileType = sourcecode.swift; path = LiteracyView.swift; sourceTree = "<group>"; };
		048E2D5AED2323A292AD4D70 /* IEPAndThriveTests.xctest */ = {isa = PBXFileReference; includeInIndex = 0; lastKnownFileType = wrapper.cfbundle; path = IEPAndThriveTests.xctest; sourceTree = BUILT_PRODUCTS_DIR; };
		0951E0242990B2EBBF92BACD /* JourneyView.swift */ = {isa = PBXFileReference; lastKnownFileType = sourcecode.swift; path = JourneyView.swift; sourceTree = "<group>"; };
		0B21B34CA778C5279EAF9F9D /* IEPAndThrive.app */ = {isa = PBXFileReference; includeInIndex = 0; lastKnownFileType = wrapper.application; path = IEPAndThrive.app; sourceTree = BUILT_PRODUCTS_DIR; };
		1517E63F9D4532DD4D131426 /* RootFeature.swift */ = {isa = PBXFileReference; lastKnownFileType = sourcecode.swift; path = RootFeature.swift; sourceTree = "<group>"; };
		181A759E2FB582C8F42AE420 /* NonceGeneratorTests.swift */ = {isa = PBXFileReference; lastKnownFileType = sourcecode.swift; path = NonceGeneratorTests.swift; sourceTree = "<group>"; };
		212AB81B43DEB9B917F4F091 /* PaywallView.swift */ = {isa = PBXFileReference; lastKnownFileType = sourcecode.swift; path = PaywallView.swift; sourceTree = "<group>"; };
		22E9C1754652EA74DC454588 /* LetterTracer.swift */ = {isa = PBXFileReference; lastKnownFileType = sourcecode.swift; path = LetterTracer.swift; sourceTree = "<group>"; };
		2E279D8FA47A579701428C26 /* AuthFeatureTests.swift */ = {isa = PBXFileReference; lastKnownFileType = sourcecode.swift; path = AuthFeatureTests.swift; sourceTree = "<group>"; };
		30A114507FB80443206E2FF3 /* SpeechClient.swift */ = {isa = PBXFileReference; lastKnownFileType = sourcecode.swift; path = SpeechClient.swift; sourceTree = "<group>"; };
		34E6E5BC83C0A3DCC3F8EF7C /* LiteracyFeatureTests.swift */ = {isa = PBXFileReference; lastKnownFileType = sourcecode.swift; path = LiteracyFeatureTests.swift; sourceTree = "<group>"; };
		3A9156D7940AD4543C691BD0 /* MissionCompleteView.swift */ = {isa = PBXFileReference; lastKnownFileType = sourcecode.swift; path = MissionCompleteView.swift; sourceTree = "<group>"; };
		3B01DC43CB2605246AB27E97 /* MathFeature.swift */ = {isa = PBXFileReference; lastKnownFileType = sourcecode.swift; path = MathFeature.swift; sourceTree = "<group>"; };
		40FBFBB76FC17207D15F15CA /* OnboardingFeatureTests.swift */ = {isa = PBXFileReference; lastKnownFileType = sourcecode.swift; path = OnboardingFeatureTests.swift; sourceTree = "<group>"; };
		47D0563AEC4458FFB7D1226C /* CrashlyticsClientTests.swift */ = {isa = PBXFileReference; lastKnownFileType = sourcecode.swift; path = CrashlyticsClientTests.swift; sourceTree = "<group>"; };
		5162DE32F9146FE4E65EBF05 /* SandTrayView.swift */ = {isa = PBXFileReference; lastKnownFileType = sourcecode.swift; path = SandTrayView.swift; sourceTree = "<group>"; };
		5165EAA0900352598EDE3917 /* CrashlyticsClient.swift */ = {isa = PBXFileReference; lastKnownFileType = sourcecode.swift; path = CrashlyticsClient.swift; sourceTree = "<group>"; };
		5728C93C033D330255841114 /* ChildPickerFeatureTests.swift */ = {isa = PBXFileReference; lastKnownFileType = sourcecode.swift; path = ChildPickerFeatureTests.swift; sourceTree = "<group>"; };
		6006BC1D49290D3010D60799 /* PaywallFeature.swift */ = {isa = PBXFileReference; lastKnownFileType = sourcecode.swift; path = PaywallFeature.swift; sourceTree = "<group>"; };
		6054114615EB7B0D510461CC /* Theme.swift */ = {isa = PBXFileReference; lastKnownFileType = sourcecode.swift; path = Theme.swift; sourceTree = "<group>"; };
		63AB19E977899BBFB9AAC6E4 /* CoreHaptics.framework */ = {isa = PBXFileReference; lastKnownFileType = wrapper.framework; name = CoreHaptics.framework; path = System/Library/Frameworks/CoreHaptics.framework; sourceTree = SDKROOT; };
		64CF1CA3F022055AABBF9F83 /* TestHelpers.swift */ = {isa = PBXFileReference; lastKnownFileType = sourcecode.swift; path = TestHelpers.swift; sourceTree = "<group>"; };
		6F11D2F142FCE7303149D411 /* AuthClient.swift */ = {isa = PBXFileReference; lastKnownFileType = sourcecode.swift; path = AuthClient.swift; sourceTree = "<group>"; };
		79E23C481F426A438D087246 /* FirestoreClient.swift */ = {isa = PBXFileReference; lastKnownFileType = sourcecode.swift; path = FirestoreClient.swift; sourceTree = "<group>"; };
		7B6EB7E24CB242E803113D13 /* Assets.xcassets */ = {isa = PBXFileReference; lastKnownFileType = folder.assetcatalog; path = Assets.xcassets; sourceTree = "<group>"; };
		821662BF1616C134F4CCC91B /* ChildPickerView.swift */ = {isa = PBXFileReference; lastKnownFileType = sourcecode.swift; path = ChildPickerView.swift; sourceTree = "<group>"; };
		857FFBDD078E2E25D5349F46 /* StoreKitClient.swift */ = {isa = PBXFileReference; lastKnownFileType = sourcecode.swift; path = StoreKitClient.swift; sourceTree = "<group>"; };
		8AEA2FF64C50E4A19F70B34E /* MathView.swift */ = {isa = PBXFileReference; lastKnownFileType = sourcecode.swift; path = MathView.swift; sourceTree = "<group>"; };
		9BF3017509B04E421ACA1BE3 /* SettingsFeature.swift */ = {isa = PBXFileReference; lastKnownFileType = sourcecode.swift; path = SettingsFeature.swift; sourceTree = "<group>"; };
		A11212CC390C798F6623E0AC /* SnapCubesView.swift */ = {isa = PBXFileReference; lastKnownFileType = sourcecode.swift; path = SnapCubesView.swift; sourceTree = "<group>"; };
		A238A77DC8A262815D31267D /* DatabaseClient.swift */ = {isa = PBXFileReference; lastKnownFileType = sourcecode.swift; path = DatabaseClient.swift; sourceTree = "<group>"; };
		A4A25C57F4EB51614EC2A6B4 /* AuthFeature.swift */ = {isa = PBXFileReference; lastKnownFileType = sourcecode.swift; path = AuthFeature.swift; sourceTree = "<group>"; };
		A4AB0D13DA6E1B8754315ACE /* RootFeatureTests.swift */ = {isa = PBXFileReference; lastKnownFileType = sourcecode.swift; path = RootFeatureTests.swift; sourceTree = "<group>"; };
		ABBE088AD950DF33A34F8479 /* SettingsFeatureTests.swift */ = {isa = PBXFileReference; lastKnownFileType = sourcecode.swift; path = SettingsFeatureTests.swift; sourceTree = "<group>"; };
		ACAF25BA0BFB1D42FF99C1BD /* LiteracyFeature.swift */ = {isa = PBXFileReference; lastKnownFileType = sourcecode.swift; path = LiteracyFeature.swift; sourceTree = "<group>"; };
		AD8190FA86DDDC439DA16B4D /* SwiftData.framework */ = {isa = PBXFileReference; lastKnownFileType = wrapper.framework; name = SwiftData.framework; path = System/Library/Frameworks/SwiftData.framework; sourceTree = SDKROOT; };
		ADE9B1F6E3152A4AD4354D6F /* IEPAndThrive.entitlements */ = {isa = PBXFileReference; lastKnownFileType = text.plist.entitlements; path = IEPAndThrive.entitlements; sourceTree = "<group>"; };
		AFD77BCBEF06ED20A82FA3BF /* ChildPickerFeature.swift */ = {isa = PBXFileReference; lastKnownFileType = sourcecode.swift; path = ChildPickerFeature.swift; sourceTree = "<group>"; };
		B1435D1A0416E422C472227A /* MathFeatureTests.swift */ = {isa = PBXFileReference; lastKnownFileType = sourcecode.swift; path = MathFeatureTests.swift; sourceTree = "<group>"; };
		B309FFB8FF9C45E6E27FF359 /* OnboardingFeature.swift */ = {isa = PBXFileReference; lastKnownFileType = sourcecode.swift; path = OnboardingFeature.swift; sourceTree = "<group>"; };
		C2E0239E1DD3F4F6DDF666AE /* SettingsView.swift */ = {isa = PBXFileReference; lastKnownFileType = sourcecode.swift; path = SettingsView.swift; sourceTree = "<group>"; };
		C3A88B65FA36D1F3723BBBFF /* SpriteKit.framework */ = {isa = PBXFileReference; lastKnownFileType = wrapper.framework; name = SpriteKit.framework; path = System/Library/Frameworks/SpriteKit.framework; sourceTree = SDKROOT; };
		C6A53B3292024EDC9F29F2C0 /* SafeSpaceView.swift */ = {isa = PBXFileReference; lastKnownFileType = sourcecode.swift; path = SafeSpaceView.swift; sourceTree = "<group>"; };
		C841D049B51F4E70EBD40D83 /* GoogleService-Info.plist */ = {isa = PBXFileReference; lastKnownFileType = text.plist; path = "GoogleService-Info.plist"; sourceTree = "<group>"; };
		C9B9EEBD9F2CD7359D8DDCD5 /* LetterTracerTests.swift */ = {isa = PBXFileReference; lastKnownFileType = sourcecode.swift; path = LetterTracerTests.swift; sourceTree = "<group>"; };
		CF9D2734ECEE31FC77C549D8 /* SafeSpaceFeature.swift */ = {isa = PBXFileReference; lastKnownFileType = sourcecode.swift; path = SafeSpaceFeature.swift; sourceTree = "<group>"; };
		D612A09A3A7AD9BD212BFC7B /* JourneyFeatureTests.swift */ = {isa = PBXFileReference; lastKnownFileType = sourcecode.swift; path = JourneyFeatureTests.swift; sourceTree = "<group>"; };
		D898FAE7F78F64FDA29D0BA1 /* NonceGenerator.swift */ = {isa = PBXFileReference; lastKnownFileType = sourcecode.swift; path = NonceGenerator.swift; sourceTree = "<group>"; };
		DACCD9AE6FF55C034C8DECB4 /* AuthView.swift */ = {isa = PBXFileReference; lastKnownFileType = sourcecode.swift; path = AuthView.swift; sourceTree = "<group>"; };
		DDC9F611AB7CA4368F7879B7 /* SnapCubesScene.swift */ = {isa = PBXFileReference; lastKnownFileType = sourcecode.swift; path = SnapCubesScene.swift; sourceTree = "<group>"; };
		E071B1F27BDFAF913966D2FC /* OnboardingView.swift */ = {isa = PBXFileReference; lastKnownFileType = sourcecode.swift; path = OnboardingView.swift; sourceTree = "<group>"; };
		E483DAE34FFBF1C04981A12F /* LevelPreviewView.swift */ = {isa = PBXFileReference; lastKnownFileType = sourcecode.swift; path = LevelPreviewView.swift; sourceTree = "<group>"; };
		E5DFFD46B290A9E69C9F18A1 /* IEPAndThriveApp.swift */ = {isa = PBXFileReference; lastKnownFileType = sourcecode.swift; path = IEPAndThriveApp.swift; sourceTree = "<group>"; };
		E7C6B855F38B58AB880BE1C3 /* JourneyFeature.swift */ = {isa = PBXFileReference; lastKnownFileType = sourcecode.swift; path = JourneyFeature.swift; sourceTree = "<group>"; };
		EAEAD98C88CD4C3A002998EC /* CurriculumClient.swift */ = {isa = PBXFileReference; lastKnownFileType = sourcecode.swift; path = CurriculumClient.swift; sourceTree = "<group>"; };
		EB2AE62A9C3D3C67EE392272 /* Models.swift */ = {isa = PBXFileReference; lastKnownFileType = sourcecode.swift; path = Models.swift; sourceTree = "<group>"; };
		F09BDECB1508AF4ED1D5E2EE /* Info.plist */ = {isa = PBXFileReference; lastKnownFileType = text.plist; path = Info.plist; sourceTree = "<group>"; };
		F2D218F7A142A1FCCF272ACA /* FirestoreDTOs.swift */ = {isa = PBXFileReference; lastKnownFileType = sourcecode.swift; path = FirestoreDTOs.swift; sourceTree = "<group>"; };
		F78598283E84A8525888BED2 /* AudioClient.swift */ = {isa = PBXFileReference; lastKnownFileType = sourcecode.swift; path = AudioClient.swift; sourceTree = "<group>"; };
/* End PBXFileReference section */

/* Begin PBXFrameworksBuildPhase section */
		2F70031513EBBCDF19F03C91 /* Frameworks */ = {
			isa = PBXFrameworksBuildPhase;
			buildActionMask = 2147483647;
			files = (
				5ECB8FCF4C706BA59628BF7D /* CoreHaptics.framework in Frameworks */,
				F0B3F685FB1751714EBC0DEA /* SpriteKit.framework in Frameworks */,
				5DB7F1ECA737D5B4EEE2EEFB /* SwiftData.framework in Frameworks */,
				C4F3A72A7740EA990A51C5BF /* ComposableArchitecture in Frameworks */,
				9D0C10F4A582320BF1A24A6A /* Dependencies in Frameworks */,
				76E80E8543E9ECD614AD353F /* CasePaths in Frameworks */,
				3CE9C708E7758EC18CF9233D /* FirebaseAuth in Frameworks */,
				12C8A9F9FCA8DDA339727788 /* FirebaseFirestore in Frameworks */,
				4D29F8E3818602C22BA9BFE2 /* FirebaseCrashlytics in Frameworks */,
				FF2E48B7EE714799CBA6E84D /* GoogleSignIn in Frameworks */,
				12031160A16F8AD8E2BE5F66 /* GoogleSignInSwift in Frameworks */,
			);
			runOnlyForDeploymentPostprocessing = 0;
		};
		463CCCE510B4EB8E8322EC39 /* Frameworks */ = {
			isa = PBXFrameworksBuildPhase;
			buildActionMask = 2147483647;
			files = (
				AB7CDDE6432FADE3F40C3E33 /* ComposableArchitecture in Frameworks */,
				A60A2E72C1BC9CFCCE3DD900 /* Dependencies in Frameworks */,
				FEDA58352BAA64671739B3E2 /* CasePaths in Frameworks */,
			);
			runOnlyForDeploymentPostprocessing = 0;
		};
/* End PBXFrameworksBuildPhase section */

/* Begin PBXGroup section */
		0692E40FE4CA5A942EB49A8D /* Data */ = {
			isa = PBXGroup;
			children = (
				EAEAD98C88CD4C3A002998EC /* CurriculumClient.swift */,
				A238A77DC8A262815D31267D /* DatabaseClient.swift */,
				79E23C481F426A438D087246 /* FirestoreClient.swift */,
				F2D218F7A142A1FCCF272ACA /* FirestoreDTOs.swift */,
				EB2AE62A9C3D3C67EE392272 /* Models.swift */,
			);
			path = Data;
			sourceTree = "<group>";
		};
		1EA2152A865CF5BAF8931A9C /* SafeSpace */ = {
			isa = PBXGroup;
			children = (
				CF9D2734ECEE31FC77C549D8 /* SafeSpaceFeature.swift */,
				C6A53B3292024EDC9F29F2C0 /* SafeSpaceView.swift */,
			);
			path = SafeSpace;
			sourceTree = "<group>";
		};
		262C1358F1250321DE269167 /* Products */ = {
			isa = PBXGroup;
			children = (
				0B21B34CA778C5279EAF9F9D /* IEPAndThrive.app */,
				048E2D5AED2323A292AD4D70 /* IEPAndThriveTests.xctest */,
			);
			name = Products;
			sourceTree = "<group>";
		};
		36653CD15FF339D81A6B8EE4 /* StoreKit */ = {
			isa = PBXGroup;
			children = (
				857FFBDD078E2E25D5349F46 /* StoreKitClient.swift */,
			);
			path = StoreKit;
			sourceTree = "<group>";
		};
		3E634799674A4249426ED154 /* Literacy */ = {
			isa = PBXGroup;
			children = (
				22E9C1754652EA74DC454588 /* LetterTracer.swift */,
				ACAF25BA0BFB1D42FF99C1BD /* LiteracyFeature.swift */,
				016321022F483F8A84357FD2 /* LiteracyView.swift */,
				5162DE32F9146FE4E65EBF05 /* SandTrayView.swift */,
			);
			path = Literacy;
			sourceTree = "<group>";
		};
		449EB57A93ADEDEAD3EE3AE0 /* Frameworks */ = {
			isa = PBXGroup;
			children = (
				63AB19E977899BBFB9AAC6E4 /* CoreHaptics.framework */,
				C3A88B65FA36D1F3723BBBFF /* SpriteKit.framework */,
				AD8190FA86DDDC439DA16B4D /* SwiftData.framework */,
			);
			name = Frameworks;
			sourceTree = "<group>";
		};
		4A27B1FB647A41FB5591BA33 /* Auth */ = {
			isa = PBXGroup;
			children = (
				A4A25C57F4EB51614EC2A6B4 /* AuthFeature.swift */,
				DACCD9AE6FF55C034C8DECB4 /* AuthView.swift */,
			);
			path = Auth;
			sourceTree = "<group>";
		};
		4B20FC8060C185F46C4328C1 /* Journey */ = {
			isa = PBXGroup;
			children = (
				E7C6B855F38B58AB880BE1C3 /* JourneyFeature.swift */,
				0951E0242990B2EBBF92BACD /* JourneyView.swift */,
				E483DAE34FFBF1C04981A12F /* LevelPreviewView.swift */,
				3A9156D7940AD4543C691BD0 /* MissionCompleteView.swift */,
			);
			path = Journey;
			sourceTree = "<group>";
		};
		56F3DFB47796768D62DF6617 /* Onboarding */ = {
			isa = PBXGroup;
			children = (
				B309FFB8FF9C45E6E27FF359 /* OnboardingFeature.swift */,
				E071B1F27BDFAF913966D2FC /* OnboardingView.swift */,
			);
			path = Onboarding;
			sourceTree = "<group>";
		};
		5D6D040EF84547C0B618B22F /* Observability */ = {
			isa = PBXGroup;
			children = (
				5165EAA0900352598EDE3917 /* CrashlyticsClient.swift */,
			);
			path = Observability;
			sourceTree = "<group>";
		};
		797252E388D762489765A98C /* Features */ = {
			isa = PBXGroup;
			children = (
				4A27B1FB647A41FB5591BA33 /* Auth */,
				CB454FC531EF6B34196D2DC0 /* ChildPicker */,
				4B20FC8060C185F46C4328C1 /* Journey */,
				3E634799674A4249426ED154 /* Literacy */,
				965EB0389F955BA7E5323BBB /* Math */,
				56F3DFB47796768D62DF6617 /* Onboarding */,
				8AA64EBA4139871AE3CFACCA /* Paywall */,
				F61A730301DA8A4A87402273 /* Root */,
				1EA2152A865CF5BAF8931A9C /* SafeSpace */,
				CD22D74C909B968D6352EB10 /* Settings */,
			);
			path = Features;
			sourceTree = "<group>";
		};
		8AA64EBA4139871AE3CFACCA /* Paywall */ = {
			isa = PBXGroup;
			children = (
				6006BC1D49290D3010D60799 /* PaywallFeature.swift */,
				212AB81B43DEB9B917F4F091 /* PaywallView.swift */,
			);
			path = Paywall;
			sourceTree = "<group>";
		};
		965EB0389F955BA7E5323BBB /* Math */ = {
			isa = PBXGroup;
			children = (
				3B01DC43CB2605246AB27E97 /* MathFeature.swift */,
				8AEA2FF64C50E4A19F70B34E /* MathView.swift */,
				DDC9F611AB7CA4368F7879B7 /* SnapCubesScene.swift */,
				A11212CC390C798F6623E0AC /* SnapCubesView.swift */,
			);
			path = Math;
			sourceTree = "<group>";
		};
		968FC673B4156A9ECD908B11 /* Auth */ = {
			isa = PBXGroup;
			children = (
				6F11D2F142FCE7303149D411 /* AuthClient.swift */,
				D898FAE7F78F64FDA29D0BA1 /* NonceGenerator.swift */,
			);
			path = Auth;
			sourceTree = "<group>";
		};
		B6BFD6BEB26B08F88E82EA00 /* IEPAndThriveTests */ = {
			isa = PBXGroup;
			children = (
				2E279D8FA47A579701428C26 /* AuthFeatureTests.swift */,
				5728C93C033D330255841114 /* ChildPickerFeatureTests.swift */,
				47D0563AEC4458FFB7D1226C /* CrashlyticsClientTests.swift */,
				D612A09A3A7AD9BD212BFC7B /* JourneyFeatureTests.swift */,
				C9B9EEBD9F2CD7359D8DDCD5 /* LetterTracerTests.swift */,
				34E6E5BC83C0A3DCC3F8EF7C /* LiteracyFeatureTests.swift */,
				B1435D1A0416E422C472227A /* MathFeatureTests.swift */,
				181A759E2FB582C8F42AE420 /* NonceGeneratorTests.swift */,
				40FBFBB76FC17207D15F15CA /* OnboardingFeatureTests.swift */,
				A4AB0D13DA6E1B8754315ACE /* RootFeatureTests.swift */,
				ABBE088AD950DF33A34F8479 /* SettingsFeatureTests.swift */,
				64CF1CA3F022055AABBF9F83 /* TestHelpers.swift */,
			);
			path = IEPAndThriveTests;
			sourceTree = "<group>";
		};
		BE59E5D83732D6D8DE4A8C50 = {
			isa = PBXGroup;
			children = (
				E9D0F49BC33C387A1FF43741 /* IEPAndThrive */,
				B6BFD6BEB26B08F88E82EA00 /* IEPAndThriveTests */,
				449EB57A93ADEDEAD3EE3AE0 /* Frameworks */,
				262C1358F1250321DE269167 /* Products */,
			);
			sourceTree = "<group>";
		};
		CB454FC531EF6B34196D2DC0 /* ChildPicker */ = {
			isa = PBXGroup;
			children = (
				AFD77BCBEF06ED20A82FA3BF /* ChildPickerFeature.swift */,
				821662BF1616C134F4CCC91B /* ChildPickerView.swift */,
			);
			path = ChildPicker;
			sourceTree = "<group>";
		};
		CD22D74C909B968D6352EB10 /* Settings */ = {
			isa = PBXGroup;
			children = (
				9BF3017509B04E421ACA1BE3 /* SettingsFeature.swift */,
				C2E0239E1DD3F4F6DDF666AE /* SettingsView.swift */,
			);
			path = Settings;
			sourceTree = "<group>";
		};
		D3A17CE4D55A318F605C2E19 /* Core */ = {
			isa = PBXGroup;
			children = (
				F89A2FA78C25A06F069D9CBE /* Audio */,
				968FC673B4156A9ECD908B11 /* Auth */,
				0692E40FE4CA5A942EB49A8D /* Data */,
				EAA7D928A9F52DAA2BC55DB3 /* DesignSystem */,
				5D6D040EF84547C0B618B22F /* Observability */,
				36653CD15FF339D81A6B8EE4 /* StoreKit */,
			);
			path = Core;
			sourceTree = "<group>";
		};
		E09AC4293C791A0A7E198037 /* Resources */ = {
			isa = PBXGroup;
			children = (
				7B6EB7E24CB242E803113D13 /* Assets.xcassets */,
				C841D049B51F4E70EBD40D83 /* GoogleService-Info.plist */,
				ADE9B1F6E3152A4AD4354D6F /* IEPAndThrive.entitlements */,
				F09BDECB1508AF4ED1D5E2EE /* Info.plist */,
			);
			path = Resources;
			sourceTree = "<group>";
		};
		E9D0F49BC33C387A1FF43741 /* IEPAndThrive */ = {
			isa = PBXGroup;
			children = (
				E5DFFD46B290A9E69C9F18A1 /* IEPAndThriveApp.swift */,
				D3A17CE4D55A318F605C2E19 /* Core */,
				797252E388D762489765A98C /* Features */,
				E09AC4293C791A0A7E198037 /* Resources */,
			);
			path = IEPAndThrive;
			sourceTree = "<group>";
		};
		EAA7D928A9F52DAA2BC55DB3 /* DesignSystem */ = {
			isa = PBXGroup;
			children = (
				6054114615EB7B0D510461CC /* Theme.swift */,
			);
			path = DesignSystem;
			sourceTree = "<group>";
		};
		F61A730301DA8A4A87402273 /* Root */ = {
			isa = PBXGroup;
			children = (
				1517E63F9D4532DD4D131426 /* RootFeature.swift */,
			);
			path = Root;
			sourceTree = "<group>";
		};
		F89A2FA78C25A06F069D9CBE /* Audio */ = {
			isa = PBXGroup;
			children = (
				F78598283E84A8525888BED2 /* AudioClient.swift */,
				30A114507FB80443206E2FF3 /* SpeechClient.swift */,
			);
			path = Audio;
			sourceTree = "<group>";
		};
/* End PBXGroup section */

/* Begin PBXNativeTarget section */
		23CE1EAB84F00B158883DED2 /* IEPAndThrive */ = {
			isa = PBXNativeTarget;
			buildConfigurationList = BEC6073838EE311837FF9E5C /* Build configuration list for PBXNativeTarget "IEPAndThrive" */;
			buildPhases = (
				1E0A87D502485BDA381EB12B /* Sources */,
				EAFBFB4B57D315802CB339FF /* Resources */,
				2F70031513EBBCDF19F03C91 /* Frameworks */,
				CDC226342D2B2142CA9F4124 /* Crashlytics: Upload dSYMs */,
			);
			buildRules = (
			);
			dependencies = (
			);
			name = IEPAndThrive;
			packageProductDependencies = (
				582C7ABEF95C41320D9BB225 /* ComposableArchitecture */,
				73A92966C697D4CBBA79112E /* Dependencies */,
				8E2232830F7CAA550E33F587 /* CasePaths */,
				F4AC7945CBFE12845799735E /* FirebaseAuth */,
				4BC5F9799680AE7981887D14 /* FirebaseFirestore */,
				BEC3163C9C69D58D628D0099 /* FirebaseCrashlytics */,
				54E608EC1A66C497CBEE68C6 /* GoogleSignIn */,
				F6CA3BF697F821F1AB9C9C58 /* GoogleSignInSwift */,
			);
			productName = IEPAndThrive;
			productReference = 0B21B34CA778C5279EAF9F9D /* IEPAndThrive.app */;
			productType = "com.apple.product-type.application";
		};
		A71550525DEA7A2B012E71A9 /* IEPAndThriveTests */ = {
			isa = PBXNativeTarget;
			buildConfigurationList = 3E1CECA61F601242CF940034 /* Build configuration list for PBXNativeTarget "IEPAndThriveTests" */;
			buildPhases = (
				B41A07ECF3707917890F1E0C /* Sources */,
				463CCCE510B4EB8E8322EC39 /* Frameworks */,
			);
			buildRules = (
			);
			dependencies = (
				9485375FBEB2CB0481F960BB /* PBXTargetDependency */,
			);
			name = IEPAndThriveTests;
			packageProductDependencies = (
				9154B7AD17BEED700059C812 /* ComposableArchitecture */,
				F7C8CFD9D8A86CB81D44BF08 /* Dependencies */,
				7BFC4D536F220EBF40C25A6D /* CasePaths */,
			);
			productName = IEPAndThriveTests;
			productReference = 048E2D5AED2323A292AD4D70 /* IEPAndThriveTests.xctest */;
			productType = "com.apple.product-type.bundle.unit-test";
		};
/* End PBXNativeTarget section */

/* Begin PBXProject section */
		7B6ED97248EA0D5D4B12A0B0 /* Project object */ = {
			isa = PBXProject;
			attributes = {
				BuildIndependentTargetsInParallel = YES;
				LastUpgradeCheck = 1430;
				TargetAttributes = {
				};
			};
			buildConfigurationList = B2BDF9F91AAFD35DEBE243C5 /* Build configuration list for PBXProject "IEPAndThrive" */;
			developmentRegion = en;
			hasScannedForEncodings = 0;
			knownRegions = (
				Base,
				en,
			);
			mainGroup = BE59E5D83732D6D8DE4A8C50;
			minimizedProjectReferenceProxies = 1;
			packageReferences = (
				3675B0574216D7D8E2D29997 /* XCRemoteSwiftPackageReference "swift-composable-architecture" */,
				5EACC20A35A147C062E69330 /* XCRemoteSwiftPackageReference "firebase-ios-sdk" */,
				9AB757E9F0FB8A2CA1194BD3 /* XCRemoteSwiftPackageReference "GoogleSignIn-iOS" */,
			);
			preferredProjectObjectVersion = 77;
			productRefGroup = 262C1358F1250321DE269167 /* Products */;
			projectDirPath = "";
			projectRoot = "";
			targets = (
				23CE1EAB84F00B158883DED2 /* IEPAndThrive */,
				A71550525DEA7A2B012E71A9 /* IEPAndThriveTests */,
			);
		};
/* End PBXProject section */

/* Begin PBXResourcesBuildPhase section */
		EAFBFB4B57D315802CB339FF /* Resources */ = {
			isa = PBXResourcesBuildPhase;
			buildActionMask = 2147483647;
			files = (
				DC08E5B51199475F82170487 /* Assets.xcassets in Resources */,
				A406CE4FF5CF00986424E86B /* GoogleService-Info.plist in Resources */,
			);
			runOnlyForDeploymentPostprocessing = 0;
		};
/* End PBXResourcesBuildPhase section */

/* Begin PBXShellScriptBuildPhase section */
		CDC226342D2B2142CA9F4124 /* Crashlytics: Upload dSYMs */ = {
			isa = PBXShellScriptBuildPhase;
			buildActionMask = 2147483647;
			files = (
			);
			inputFileListPaths = (
			);
			inputPaths = (
				"$(BUILT_PRODUCTS_DIR)/$(INFOPLIST_PATH)",
				"${DWARF_DSYM_FOLDER_PATH}/${DWARF_DSYM_FILE_NAME}/Contents/Resources/DWARF/${TARGET_NAME}",
			);
			name = "Crashlytics: Upload dSYMs";
			outputFileListPaths = (
			);
			outputPaths = (
			);
			runOnlyForDeploymentPostprocessing = 0;
			shellPath = /bin/sh;
			shellScript = "\"${BUILD_DIR%/Build/*}/SourcePackages/checkouts/firebase-ios-sdk/Crashlytics/run\"\n";
		};
/* End PBXShellScriptBuildPhase section */

/* Begin PBXSourcesBuildPhase section */
		1E0A87D502485BDA381EB12B /* Sources */ = {
			isa = PBXSourcesBuildPhase;
			buildActionMask = 2147483647;
			files = (
				1857869860160586757CF86B /* AudioClient.swift in Sources */,
				CD07EF777A086189ED9E35C2 /* AuthClient.swift in Sources */,
				B2F0CEC3431CB4F28971808B /* AuthFeature.swift in Sources */,
				21F4E022A547E32B613D93D5 /* AuthView.swift in Sources */,
				62B6761B9CB740DEB4290741 /* ChildPickerFeature.swift in Sources */,
				967169F579F36235BAB08C7B /* ChildPickerView.swift in Sources */,
				60A3DCA0F13A744C209E1352 /* CrashlyticsClient.swift in Sources */,
				101F13FA4EE32347D7C073FB /* CurriculumClient.swift in Sources */,
				FD5475CC0AB938B7A86FE2B4 /* DatabaseClient.swift in Sources */,
				9AD039F2E8A65D9BA5824D82 /* FirestoreClient.swift in Sources */,
				1FBC9A7C13C258F086B0EF31 /* FirestoreDTOs.swift in Sources */,
				DDD614E1375A2AA913D8E02D /* IEPAndThriveApp.swift in Sources */,
				0503ACDE3BA999D90708B38E /* JourneyFeature.swift in Sources */,
				CCDEB50E1A2F277B4FCD2F37 /* JourneyView.swift in Sources */,
				C74597AEA07DCAF43141C090 /* LetterTracer.swift in Sources */,
				0DA201E9AC11EA090BF5437C /* LevelPreviewView.swift in Sources */,
				7EDD844C0A9FDAD15A3E36B8 /* LiteracyFeature.swift in Sources */,
				2C591572EC20F9C6A5CFBEEB /* LiteracyView.swift in Sources */,
				4567834D4682137C4B24E9BF /* MathFeature.swift in Sources */,
				B3C967352E075141A8700A62 /* MathView.swift in Sources */,
				58C4173190B19C09CF127084 /* MissionCompleteView.swift in Sources */,
				61454E6BDD96128B963845B2 /* Models.swift in Sources */,
				2DE2FD1A139C03BD81BDE1FD /* NonceGenerator.swift in Sources */,
				BD8557FC81324535BFA99E81 /* OnboardingFeature.swift in Sources */,
				4C885A7BE8C2D00E06790601 /* OnboardingView.swift in Sources */,
				153BB9AEC862C770399118BB /* PaywallFeature.swift in Sources */,
				1A3617F1257647986321D89F /* PaywallView.swift in Sources */,
				2EA4E8A5F01360C64864E568 /* RootFeature.swift in Sources */,
				C341E46F1998B13A35471CD0 /* SafeSpaceFeature.swift in Sources */,
				7A0AE192A325D186339022E9 /* SafeSpaceView.swift in Sources */,
				E6499A4EB042649D11AFDBBA /* SandTrayView.swift in Sources */,
				4756E6395B1CEEB7F993B4A3 /* SettingsFeature.swift in Sources */,
				A85CB7F690591771715C7E41 /* SettingsView.swift in Sources */,
				7F8B8E67FDECD62D73F20D9B /* SnapCubesScene.swift in Sources */,
				178AF21A9D44FB8B17A4B5CB /* SnapCubesView.swift in Sources */,
				45FF0EC1B4D3EA1AB30588B9 /* SpeechClient.swift in Sources */,
				426A50F8F2C772DE837F739C /* StoreKitClient.swift in Sources */,
				410C56A037A7A120CD9BDDA8 /* Theme.swift in Sources */,
			);
			runOnlyForDeploymentPostprocessing = 0;
		};
		B41A07ECF3707917890F1E0C /* Sources */ = {
			isa = PBXSourcesBuildPhase;
			buildActionMask = 2147483647;
			files = (
				7A8191C61E0FA88265930FF1 /* AuthFeatureTests.swift in Sources */,
				05189B8DE3EF857AAF541A84 /* ChildPickerFeatureTests.swift in Sources */,
				4384B612564CAD35A4B7DBF2 /* CrashlyticsClientTests.swift in Sources */,
				787F8F4482F6C5040FF57B05 /* JourneyFeatureTests.swift in Sources */,
				8533D5960B130424A9186127 /* LetterTracerTests.swift in Sources */,
				783F0FB7DFDE6C7F0798F9C3 /* LiteracyFeatureTests.swift in Sources */,
				2111A06EB5F2C147BFDAF8CF /* MathFeatureTests.swift in Sources */,
				6E52338CE0FEDDC7C010EA76 /* NonceGeneratorTests.swift in Sources */,
				2005A4F860104AC631C7D6B5 /* OnboardingFeatureTests.swift in Sources */,
				48EF7B6468992C830F493727 /* RootFeatureTests.swift in Sources */,
				532AFBC2CFE3B129529E3159 /* SettingsFeatureTests.swift in Sources */,
				72F764B1996C801150BA5AEE /* TestHelpers.swift in Sources */,
			);
			runOnlyForDeploymentPostprocessing = 0;
		};
/* End PBXSourcesBuildPhase section */

/* Begin PBXTargetDependency section */
		9485375FBEB2CB0481F960BB /* PBXTargetDependency */ = {
			isa = PBXTargetDependency;
			target = 23CE1EAB84F00B158883DED2 /* IEPAndThrive */;
			targetProxy = 51E39CE69AE0FA61A0F7A30A /* PBXContainerItemProxy */;
		};
/* End PBXTargetDependency section */

/* Begin XCBuildConfiguration section */
		0CB5C920C609BE8E8481A685 /* Debug */ = {
			isa = XCBuildConfiguration;
			buildSettings = {
				ASSETCATALOG_COMPILER_APPICON_NAME = AppIcon;
				CODE_SIGN_ENTITLEMENTS = IEPAndThrive/Resources/IEPAndThrive.entitlements;
				CODE_SIGN_IDENTITY = "iPhone Developer";
				GENERATE_INFOPLIST_FILE = YES;
				INFOPLIST_FILE = IEPAndThrive/Resources/Info.plist;
				IPHONEOS_DEPLOYMENT_TARGET = 17.0;
				LD_RUNPATH_SEARCH_PATHS = (
					"$(inherited)",
					"@executable_path/Frameworks",
				);
				PRODUCT_BUNDLE_IDENTIFIER = com.cureconsulting.IEPAndThrive;
				SDKROOT = iphoneos;
				TARGETED_DEVICE_FAMILY = "1,2";
			};
			name = Debug;
		};
		6346024D639509FE33371C6D /* Debug */ = {
			isa = XCBuildConfiguration;
			buildSettings = {
				ALWAYS_SEARCH_USER_PATHS = NO;
				CLANG_ANALYZER_NONNULL = YES;
				CLANG_ANALYZER_NUMBER_OBJECT_CONVERSION = YES_AGGRESSIVE;
				CLANG_CXX_LANGUAGE_STANDARD = "gnu++14";
				CLANG_CXX_LIBRARY = "libc++";
				CLANG_ENABLE_MODULES = YES;
				CLANG_ENABLE_OBJC_ARC = YES;
				CLANG_ENABLE_OBJC_WEAK = YES;
				CLANG_WARN_BLOCK_CAPTURE_AUTORELEASING = YES;
				CLANG_WARN_BOOL_CONVERSION = YES;
				CLANG_WARN_COMMA = YES;
				CLANG_WARN_CONSTANT_CONVERSION = YES;
				CLANG_WARN_DEPRECATED_OBJC_IMPLEMENTATIONS = YES;
				CLANG_WARN_DIRECT_OBJC_ISA_USAGE = YES_ERROR;
				CLANG_WARN_DOCUMENTATION_COMMENTS = YES;
				CLANG_WARN_EMPTY_BODY = YES;
				CLANG_WARN_ENUM_CONVERSION = YES;
				CLANG_WARN_INFINITE_RECURSION = YES;
				CLANG_WARN_INT_CONVERSION = YES;
				CLANG_WARN_NON_LITERAL_NULL_CONVERSION = YES;
				CLANG_WARN_OBJC_IMPLICIT_RETAIN_SELF = YES;
				CLANG_WARN_OBJC_LITERAL_CONVERSION = YES;
				CLANG_WARN_OBJC_ROOT_CLASS = YES_ERROR;
				CLANG_WARN_QUOTED_INCLUDE_IN_FRAMEWORK_HEADER = YES;
				CLANG_WARN_RANGE_LOOP_ANALYSIS = YES;
				CLANG_WARN_STRICT_PROTOTYPES = YES;
				CLANG_WARN_SUSPICIOUS_MOVE = YES;
				CLANG_WARN_UNGUARDED_AVAILABILITY = YES_AGGRESSIVE;
				CLANG_WARN_UNREACHABLE_CODE = YES;
				CLANG_WARN__DUPLICATE_METHOD_MATCH = YES;
				COPY_PHASE_STRIP = NO;
				DEBUG_INFORMATION_FORMAT = dwarf;
				ENABLE_STRICT_OBJC_MSGSEND = YES;
				ENABLE_TESTABILITY = YES;
				GCC_C_LANGUAGE_STANDARD = gnu11;
				GCC_DYNAMIC_NO_PIC = NO;
				GCC_NO_COMMON_BLOCKS = YES;
				GCC_OPTIMIZATION_LEVEL = 0;
				GCC_PREPROCESSOR_DEFINITIONS = (
					"$(inherited)",
					"DEBUG=1",
				);
				GCC_WARN_64_TO_32_BIT_CONVERSION = YES;
				GCC_WARN_ABOUT_RETURN_TYPE = YES_ERROR;
				GCC_WARN_UNDECLARED_SELECTOR = YES;
				GCC_WARN_UNINITIALIZED_AUTOS = YES_AGGRESSIVE;
				GCC_WARN_UNUSED_FUNCTION = YES;
				GCC_WARN_UNUSED_VARIABLE = YES;
				MTL_ENABLE_DEBUG_INFO = INCLUDE_SOURCE;
				MTL_FAST_MATH = YES;
				ONLY_ACTIVE_ARCH = YES;
				PRODUCT_NAME = "$(TARGET_NAME)";
				SDKROOT = iphoneos;
				SWIFT_ACTIVE_COMPILATION_CONDITIONS = DEBUG;
				SWIFT_OPTIMIZATION_LEVEL = "-Onone";
				SWIFT_VERSION = 5.0;
			};
			name = Debug;
		};
		7DF77873FB4C8DB15023536F /* Release */ = {
			isa = XCBuildConfiguration;
			buildSettings = {
				ALWAYS_SEARCH_USER_PATHS = NO;
				CLANG_ANALYZER_NONNULL = YES;
				CLANG_ANALYZER_NUMBER_OBJECT_CONVERSION = YES_AGGRESSIVE;
				CLANG_CXX_LANGUAGE_STANDARD = "gnu++14";
				CLANG_CXX_LIBRARY = "libc++";
				CLANG_ENABLE_MODULES = YES;
				CLANG_ENABLE_OBJC_ARC = YES;
				CLANG_ENABLE_OBJC_WEAK = YES;
				CLANG_WARN_BLOCK_CAPTURE_AUTORELEASING = YES;
				CLANG_WARN_BOOL_CONVERSION = YES;
				CLANG_WARN_COMMA = YES;
				CLANG_WARN_CONSTANT_CONVERSION = YES;
				CLANG_WARN_DEPRECATED_OBJC_IMPLEMENTATIONS = YES;
				CLANG_WARN_DIRECT_OBJC_ISA_USAGE = YES_ERROR;
				CLANG_WARN_DOCUMENTATION_COMMENTS = YES;
				CLANG_WARN_EMPTY_BODY = YES;
				CLANG_WARN_ENUM_CONVERSION = YES;
				CLANG_WARN_INFINITE_RECURSION = YES;
				CLANG_WARN_INT_CONVERSION = YES;
				CLANG_WARN_NON_LITERAL_NULL_CONVERSION = YES;
				CLANG_WARN_OBJC_IMPLICIT_RETAIN_SELF = YES;
				CLANG_WARN_OBJC_LITERAL_CONVERSION = YES;
				CLANG_WARN_OBJC_ROOT_CLASS = YES_ERROR;
				CLANG_WARN_QUOTED_INCLUDE_IN_FRAMEWORK_HEADER = YES;
				CLANG_WARN_RANGE_LOOP_ANALYSIS = YES;
				CLANG_WARN_STRICT_PROTOTYPES = YES;
				CLANG_WARN_SUSPICIOUS_MOVE = YES;
				CLANG_WARN_UNGUARDED_AVAILABILITY = YES_AGGRESSIVE;
				CLANG_WARN_UNREACHABLE_CODE = YES;
				CLANG_WARN__DUPLICATE_METHOD_MATCH = YES;
				COPY_PHASE_STRIP = NO;
				DEBUG_INFORMATION_FORMAT = "dwarf-with-dsym";
				ENABLE_NS_ASSERTIONS = NO;
				ENABLE_STRICT_OBJC_MSGSEND = YES;
				GCC_C_LANGUAGE_STANDARD = gnu11;
				GCC_NO_COMMON_BLOCKS = YES;
				GCC_WARN_64_TO_32_BIT_CONVERSION = YES;
				GCC_WARN_ABOUT_RETURN_TYPE = YES_ERROR;
				GCC_WARN_UNDECLARED_SELECTOR = YES;
				GCC_WARN_UNINITIALIZED_AUTOS = YES_AGGRESSIVE;
				GCC_WARN_UNUSED_FUNCTION = YES;
				GCC_WARN_UNUSED_VARIABLE = YES;
				MTL_ENABLE_DEBUG_INFO = NO;
				MTL_FAST_MATH = YES;
				PRODUCT_NAME = "$(TARGET_NAME)";
				SDKROOT = iphoneos;
				SWIFT_COMPILATION_MODE = wholemodule;
				SWIFT_OPTIMIZATION_LEVEL = "-O";
				SWIFT_VERSION = 5.0;
			};
			name = Release;
		};
		AA547DCA2F37761217A0CD57 /* Release */ = {
			isa = XCBuildConfiguration;
			buildSettings = {
				BUNDLE_LOADER = "$(TEST_HOST)";
				GENERATE_INFOPLIST_FILE = YES;
				IPHONEOS_DEPLOYMENT_TARGET = 17.0;
				LD_RUNPATH_SEARCH_PATHS = (
					"$(inherited)",
					"@executable_path/Frameworks",
					"@loader_path/Frameworks",
				);
				PRODUCT_BUNDLE_IDENTIFIER = com.cureconsulting.IEPAndThriveTests;
				SDKROOT = iphoneos;
				TARGETED_DEVICE_FAMILY = "1,2";
				TEST_HOST = "$(BUILT_PRODUCTS_DIR)/IEPAndThrive.app/IEPAndThrive";
			};
			name = Release;
		};
		B28AE60FC464124B2E81B840 /* Release */ = {
			isa = XCBuildConfiguration;
			buildSettings = {
				ASSETCATALOG_COMPILER_APPICON_NAME = AppIcon;
				CODE_SIGN_ENTITLEMENTS = IEPAndThrive/Resources/IEPAndThrive.entitlements;
				CODE_SIGN_IDENTITY = "iPhone Developer";
				GENERATE_INFOPLIST_FILE = YES;
				INFOPLIST_FILE = IEPAndThrive/Resources/Info.plist;
				IPHONEOS_DEPLOYMENT_TARGET = 17.0;
				LD_RUNPATH_SEARCH_PATHS = (
					"$(inherited)",
					"@executable_path/Frameworks",
				);
				PRODUCT_BUNDLE_IDENTIFIER = com.cureconsulting.IEPAndThrive;
				SDKROOT = iphoneos;
				TARGETED_DEVICE_FAMILY = "1,2";
			};
			name = Release;
		};
		CB776386151ED9D8520A1082 /* Debug */ = {
			isa = XCBuildConfiguration;
			buildSettings = {
				BUNDLE_LOADER = "$(TEST_HOST)";
				GENERATE_INFOPLIST_FILE = YES;
				IPHONEOS_DEPLOYMENT_TARGET = 17.0;
				LD_RUNPATH_SEARCH_PATHS = (
					"$(inherited)",
					"@executable_path/Frameworks",
					"@loader_path/Frameworks",
				);
				PRODUCT_BUNDLE_IDENTIFIER = com.cureconsulting.IEPAndThriveTests;
				SDKROOT = iphoneos;
				TARGETED_DEVICE_FAMILY = "1,2";
				TEST_HOST = "$(BUILT_PRODUCTS_DIR)/IEPAndThrive.app/IEPAndThrive";
			};
			name = Debug;
		};
/* End XCBuildConfiguration section */

/* Begin XCConfigurationList section */
		3E1CECA61F601242CF940034 /* Build configuration list for PBXNativeTarget "IEPAndThriveTests" */ = {
			isa = XCConfigurationList;
			buildConfigurations = (
				CB776386151ED9D8520A1082 /* Debug */,
				AA547DCA2F37761217A0CD57 /* Release */,
			);
			defaultConfigurationIsVisible = 0;
			defaultConfigurationName = Debug;
		};
		B2BDF9F91AAFD35DEBE243C5 /* Build configuration list for PBXProject "IEPAndThrive" */ = {
			isa = XCConfigurationList;
			buildConfigurations = (
				6346024D639509FE33371C6D /* Debug */,
				7DF77873FB4C8DB15023536F /* Release */,
			);
			defaultConfigurationIsVisible = 0;
			defaultConfigurationName = Debug;
		};
		BEC6073838EE311837FF9E5C /* Build configuration list for PBXNativeTarget "IEPAndThrive" */ = {
			isa = XCConfigurationList;
			buildConfigurations = (
				0CB5C920C609BE8E8481A685 /* Debug */,
				B28AE60FC464124B2E81B840 /* Release */,
			);
			defaultConfigurationIsVisible = 0;
			defaultConfigurationName = Debug;
		};
/* End XCConfigurationList section */

/* Begin XCRemoteSwiftPackageReference section */
		3675B0574216D7D8E2D29997 /* XCRemoteSwiftPackageReference "swift-composable-architecture" */ = {
			isa = XCRemoteSwiftPackageReference;
			repositoryURL = "https://github.com/pointfreeco/swift-composable-architecture";
			requirement = {
				kind = upToNextMajorVersion;
				minimumVersion = 1.10.0;
			};
		};
		5EACC20A35A147C062E69330 /* XCRemoteSwiftPackageReference "firebase-ios-sdk" */ = {
			isa = XCRemoteSwiftPackageReference;
			repositoryURL = "https://github.com/firebase/firebase-ios-sdk";
			requirement = {
				kind = upToNextMajorVersion;
				minimumVersion = 12.0.0;
			};
		};
		9AB757E9F0FB8A2CA1194BD3 /* XCRemoteSwiftPackageReference "GoogleSignIn-iOS" */ = {
			isa = XCRemoteSwiftPackageReference;
			repositoryURL = "https://github.com/google/GoogleSignIn-iOS";
			requirement = {
				kind = upToNextMajorVersion;
				minimumVersion = 9.0.0;
			};
		};
/* End XCRemoteSwiftPackageReference section */

/* Begin XCSwiftPackageProductDependency section */
		4BC5F9799680AE7981887D14 /* FirebaseFirestore */ = {
			isa = XCSwiftPackageProductDependency;
			package = 5EACC20A35A147C062E69330 /* XCRemoteSwiftPackageReference "firebase-ios-sdk" */;
			productName = FirebaseFirestore;
		};
		54E608EC1A66C497CBEE68C6 /* GoogleSignIn */ = {
			isa = XCSwiftPackageProductDependency;
			package = 9AB757E9F0FB8A2CA1194BD3 /* XCRemoteSwiftPackageReference "GoogleSignIn-iOS" */;
			productName = GoogleSignIn;
		};
		582C7ABEF95C41320D9BB225 /* ComposableArchitecture */ = {
			isa = XCSwiftPackageProductDependency;
			package = 3675B0574216D7D8E2D29997 /* XCRemoteSwiftPackageReference "swift-composable-architecture" */;
			productName = ComposableArchitecture;
		};
		73A92966C697D4CBBA79112E /* Dependencies */ = {
			isa = XCSwiftPackageProductDependency;
			package = 3675B0574216D7D8E2D29997 /* XCRemoteSwiftPackageReference "swift-composable-architecture" */;
			productName = Dependencies;
		};
		7BFC4D536F220EBF40C25A6D /* CasePaths */ = {
			isa = XCSwiftPackageProductDependency;
			package = 3675B0574216D7D8E2D29997 /* XCRemoteSwiftPackageReference "swift-composable-architecture" */;
			productName = CasePaths;
		};
		8E2232830F7CAA550E33F587 /* CasePaths */ = {
			isa = XCSwiftPackageProductDependency;
			package = 3675B0574216D7D8E2D29997 /* XCRemoteSwiftPackageReference "swift-composable-architecture" */;
			productName = CasePaths;
		};
		9154B7AD17BEED700059C812 /* ComposableArchitecture */ = {
			isa = XCSwiftPackageProductDependency;
			package = 3675B0574216D7D8E2D29997 /* XCRemoteSwiftPackageReference "swift-composable-architecture" */;
			productName = ComposableArchitecture;
		};
		BEC3163C9C69D58D628D0099 /* FirebaseCrashlytics */ = {
			isa = XCSwiftPackageProductDependency;
			package = 5EACC20A35A147C062E69330 /* XCRemoteSwiftPackageReference "firebase-ios-sdk" */;
			productName = FirebaseCrashlytics;
		};
		F4AC7945CBFE12845799735E /* FirebaseAuth */ = {
			isa = XCSwiftPackageProductDependency;
			package = 5EACC20A35A147C062E69330 /* XCRemoteSwiftPackageReference "firebase-ios-sdk" */;
			productName = FirebaseAuth;
		};
		F6CA3BF697F821F1AB9C9C58 /* GoogleSignInSwift */ = {
			isa = XCSwiftPackageProductDependency;
			package = 9AB757E9F0FB8A2CA1194BD3 /* XCRemoteSwiftPackageReference "GoogleSignIn-iOS" */;
			productName = GoogleSignInSwift;
		};
		F7C8CFD9D8A86CB81D44BF08 /* Dependencies */ = {
			isa = XCSwiftPackageProductDependency;
			package = 3675B0574216D7D8E2D29997 /* XCRemoteSwiftPackageReference "swift-composable-architecture" */;
			productName = Dependencies;
		};
/* End XCSwiftPackageProductDependency section */
	};
	rootObject = 7B6ED97248EA0D5D4B12A0B0 /* Project object */;
}
